Microsoft Visual Studio Solution File, Format Version 12.00
# Visual Studio Version 17
VisualStudioVersion = 17.5.2.0
MinimumVisualStudioVersion = 10.0.40219.1
Project("{FAE04EC0-301F-11D3-BF4B-00C04F79EFBC}") = "codeAnalysis", "src\codeAnalysis.csproj", "{E2962152-69E4-F4DC-A7DB-70DD14232379}"
EndProject
Project("{2150E333-8FDC-42A3-9474-1A3956D46DE8}") = "tests", "tests", "{0AB3BF05-4346-4AA6-1389-037BE0695223}"
EndProject
Project("{FAE04EC0-301F-11D3-BF4B-00C04F79EFBC}") = "Calc.Tests", "tests\Calc.Tests\Calc.Tests.csproj", "{FF21D26E-89CC-6AE3-C15D-9B26695C0FB6}"
EndProject
Global
	GlobalSection(SolutionConfigurationPlatforms) = preSolution
		Debug|Any CPU = Debug|Any CPU
		Release|Any CPU = Release|Any CPU
	EndGlobalSection
	GlobalSection(ProjectConfigurationPlatforms) = postSolution
		{E2962152-69E4-F4DC-A7DB-70DD14232379}.Debug|Any CPU.ActiveCfg = Debug|Any CPU
		{E2962152-69E4-F4DC-A7DB-70DD14232379}.Debug|Any CPU.Build.0 = Debug|Any CPU
		{E2962152-69E4-F4DC-A7DB-70DD14232379}.Release|Any CPU.ActiveCfg = Release|Any CPU
		{E2962152-69E4-F4DC-A7DB-70DD14232379}.Release|Any CPU.Build.0 = Release|Any CPU
		{FF21D26E-89CC-6AE3-C15D-9B26695C0FB6}.Debug|Any CPU.ActiveCfg = Debug|Any CPU
		{FF21D26E-89CC-6AE3-C15D-9B26695C0FB6}.Debug|Any CPU.Build.0 = Debug|Any CPU
		{FF21D26E-89CC-6AE3-C15D-9B26695C0FB6}.Release|Any CPU.ActiveCfg = Release|Any CPU
		{FF21D26E-89CC-6AE3-C15D-9B26695C0FB6}.Release|Any CPU.Build.0 = Release|Any CPU
	EndGlobalSection
	GlobalSection(SolutionProperties) = preSolution
		HideSolutionNode = FALSE
	EndGlobalSection
	GlobalSection(NestedProjects) = preSolution
		{FF21D26E-89CC-6AE3-C15D-9B26695C0FB6} = {0AB3BF05-4346-4AA6-1389-037BE0695223}
	EndGlobalSection
	GlobalSection(ExtensibilityGlobals) = postSolution
		SolutionGuid = {0AE5BA0E-DF1C-40CB-B370-74D8A4482646}
	EndGlobalSection
EndGlobal
