Microsoft Visual Studio Solution File, Format Version 12.00
# Visual Studio Version 17
VisualStudioVersion = 17.5.2.0
MinimumVisualStudioVersion = 10.0.40219.1
Project("{FAE04EC0-301F-11D3-BF4B-00C04F79EFBC}") = "ShoppingCartRazor", "ShoppingCartRazor.csproj", "{D42AFE51-955A-80EF-F05F-4CF7E00BFE69}"
EndProject
Global
	GlobalSection(SolutionConfigurationPlatforms) = preSolution
		Debug|Any CPU = Debug|Any CPU
		Release|Any CPU = Release|Any CPU
	EndGlobalSection
	GlobalSection(ProjectConfigurationPlatforms) = postSolution
		{D42AFE51-955A-80EF-F05F-4CF7E00BFE69}.Debug|Any CPU.ActiveCfg = Debug|Any CPU
		{D42AFE51-955A-80EF-F05F-4CF7E00BFE69}.Debug|Any CPU.Build.0 = Debug|Any CPU
		{D42AFE51-955A-80EF-F05F-4CF7E00BFE69}.Release|Any CPU.ActiveCfg = Release|Any CPU
		{D42AFE51-955A-80EF-F05F-4CF7E00BFE69}.Release|Any CPU.Build.0 = Release|Any CPU
	EndGlobalSection
	GlobalSection(SolutionProperties) = preSolution
		HideSolutionNode = FALSE
	EndGlobalSection
	GlobalSection(ExtensibilityGlobals) = postSolution
		SolutionGuid = {5393F153-2FAA-4076-898D-41DDB2C37535}
	EndGlobalSection
EndGlobal
